
Microsoft Visual Studio Solution File, Format Version 12.00
# Visual Studio 2013
VisualStudioVersion = 12.0.31101.0
MinimumVisualStudioVersion = 10.0.40219.1
Project("{FAE04EC0-301F-11D3-BF4B-00C04F79EFBC}") = "WindowsFormsForecastLactalis", "WindowsFormsForecastLactalis\WindowsFormsForecastLactalis.csproj", "{149DD60E-6AC1-49B5-9137-17930244B0FF}"
EndProject
Global
	GlobalSection(SolutionConfigurationPlatforms) = preSolution
		Debug|Any CPU = Debug|Any CPU
		Release|Any CPU = Release|Any CPU
	EndGlobalSection
	GlobalSection(ProjectConfigurationPlatforms) = postSolution
		{149DD60E-6AC1-49B5-9137-17930244B0FF}.Debug|Any CPU.ActiveCfg = Debug|Any CPU
		{149DD60E-6AC1-49B5-9137-17930244B0FF}.Debug|Any CPU.Build.0 = Debug|Any CPU
		{149DD60E-6AC1-49B5-9137-17930244B0FF}.Release|Any CPU.ActiveCfg = Release|Any CPU
		{149DD60E-6AC1-49B5-9137-17930244B0FF}.Release|Any CPU.Build.0 = Release|Any CPU
	EndGlobalSection
	GlobalSection(SolutionProperties) = preSolution
		HideSolutionNode = FALSE
	EndGlobalSection
EndGlobal
